
Microsoft Visual Studio Solution File, Format Version 11.00
# Visual Studio 2010
Project("{FAE04EC0-301F-11D3-BF4B-00C04F79EFBC}") = "Trivia", "Trivia\Trivia.csproj", "{6DF4340A-A044-4593-BC79-8F7961BB91E7}"
EndProject
Project("{FAE04EC0-301F-11D3-BF4B-00C04F79EFBC}") = "Trivia.Tests", "Trivia.Tests\Trivia.Tests.csproj", "{86C244DD-1AEA-4EF3-98D8-40D0FD43B117}"
EndProject
Global
	GlobalSection(SolutionConfigurationPlatforms) = preSolution
		Debug|x86 = Debug|x86
		Release|x86 = Release|x86
	EndGlobalSection
	GlobalSection(ProjectConfigurationPlatforms) = postSolution
		{6DF4340A-A044-4593-BC79-8F7961BB91E7}.Debug|x86.ActiveCfg = Debug|x86
		{6DF4340A-A044-4593-BC79-8F7961BB91E7}.Debug|x86.Build.0 = Debug|x86
		{6DF4340A-A044-4593-BC79-8F7961BB91E7}.Release|x86.ActiveCfg = Release|x86
		{6DF4340A-A044-4593-BC79-8F7961BB91E7}.Release|x86.Build.0 = Release|x86
		{86C244DD-1AEA-4EF3-98D8-40D0FD43B117}.Debug|x86.ActiveCfg = Debug|Any CPU
		{86C244DD-1AEA-4EF3-98D8-40D0FD43B117}.Debug|x86.Build.0 = Debug|Any CPU
		{86C244DD-1AEA-4EF3-98D8-40D0FD43B117}.Release|x86.ActiveCfg = Release|Any CPU
		{86C244DD-1AEA-4EF3-98D8-40D0FD43B117}.Release|x86.Build.0 = Release|Any CPU
	EndGlobalSection
	GlobalSection(SolutionProperties) = preSolution
		HideSolutionNode = FALSE
	EndGlobalSection
EndGlobal
